
Microsoft Visual Studio Solution File, Format Version 12.00
# Visual Studio 15
VisualStudioVersion = 15.0.27130.2010
MinimumVisualStudioVersion = 10.0.40219.1
Project("{FAE04EC0-301F-11D3-BF4B-00C04F79EFBC}") = "App1", "App1\App1.csproj", "{FE8D7519-5FF7-4E75-BA3B-34E8E976C438}"
EndProject
Global
	GlobalSection(SolutionConfigurationPlatforms) = preSolution
		Debug|ARM = Debug|ARM
		Debug|x64 = Debug|x64
		Debug|x86 = Debug|x86
		Release|ARM = Release|ARM
		Release|x64 = Release|x64
		Release|x86 = Release|x86
	EndGlobalSection
	GlobalSection(ProjectConfigurationPlatforms) = postSolution
		{FE8D7519-5FF7-4E75-BA3B-34E8E976C438}.Debug|ARM.ActiveCfg = Debug|ARM
		{FE8D7519-5FF7-4E75-BA3B-34E8E976C438}.Debug|ARM.Build.0 = Debug|ARM
		{FE8D7519-5FF7-4E75-BA3B-34E8E976C438}.Debug|ARM.Deploy.0 = Debug|ARM
		{FE8D7519-5FF7-4E75-BA3B-34E8E976C438}.Debug|x64.ActiveCfg = Debug|x64
		{FE8D7519-5FF7-4E75-BA3B-34E8E976C438}.Debug|x64.Build.0 = Debug|x64
		{FE8D7519-5FF7-4E75-BA3B-34E8E976C438}.Debug|x64.Deploy.0 = Debug|x64
		{FE8D7519-5FF7-4E75-BA3B-34E8E976C438}.Debug|x86.ActiveCfg = Debug|x86
		{FE8D7519-5FF7-4E75-BA3B-34E8E976C438}.Debug|x86.Build.0 = Debug|x86
		{FE8D7519-5FF7-4E75-BA3B-34E8E976C438}.Debug|x86.Deploy.0 = Debug|x86
		{FE8D7519-5FF7-4E75-BA3B-34E8E976C438}.Release|ARM.ActiveCfg = Release|ARM
		{FE8D7519-5FF7-4E75-BA3B-34E8E976C438}.Release|ARM.Build.0 = Release|ARM
		{FE8D7519-5FF7-4E75-BA3B-34E8E976C438}.Release|ARM.Deploy.0 = Release|ARM
		{FE8D7519-5FF7-4E75-BA3B-34E8E976C438}.Release|x64.ActiveCfg = Release|x64
		{FE8D7519-5FF7-4E75-BA3B-34E8E976C438}.Release|x64.Build.0 = Release|x64
		{FE8D7519-5FF7-4E75-BA3B-34E8E976C438}.Release|x64.Deploy.0 = Release|x64
		{FE8D7519-5FF7-4E75-BA3B-34E8E976C438}.Release|x86.ActiveCfg = Release|x86
		{FE8D7519-5FF7-4E75-BA3B-34E8E976C438}.Release|x86.Build.0 = Release|x86
		{FE8D7519-5FF7-4E75-BA3B-34E8E976C438}.Release|x86.Deploy.0 = Release|x86
	EndGlobalSection
	GlobalSection(SolutionProperties) = preSolution
		HideSolutionNode = FALSE
	EndGlobalSection
	GlobalSection(ExtensibilityGlobals) = postSolution
		SolutionGuid = {4041969F-7E42-4E2F-B578-28D50B183C94}
	EndGlobalSection
EndGlobal
